
Microsoft Visual Studio Solution File, Format Version 12.00
# Visual Studio Version 17
VisualStudioVersion = 17.1.32328.378
MinimumVisualStudioVersion = 10.0.40219.1
Project("{9A19103F-16F7-4668-BE54-9A1E7A4F7556}") = "runtime.api", "stringsandencryption\runtime.api.csproj", "{1209EEE0-515F-4258-A52D-BA1EDF172E74}"
EndProject
Project("{FAE04EC0-301F-11D3-BF4B-00C04F79EFBC}") = "abstract.runtime.eric.dee", "abstract.runtime.eric.dee\abstract.runtime.eric.dee.csproj", "{3ECE88A3-5A19-4194-B6E8-ADC5F072CF01}"
EndProject
Global
	GlobalSection(SolutionConfigurationPlatforms) = preSolution
		Debug|Any CPU = Debug|Any CPU
		Release|Any CPU = Release|Any CPU
	EndGlobalSection
	GlobalSection(ProjectConfigurationPlatforms) = postSolution
		{1209EEE0-515F-4258-A52D-BA1EDF172E74}.Debug|Any CPU.ActiveCfg = Debug|Any CPU
		{1209EEE0-515F-4258-A52D-BA1EDF172E74}.Debug|Any CPU.Build.0 = Debug|Any CPU
		{1209EEE0-515F-4258-A52D-BA1EDF172E74}.Release|Any CPU.ActiveCfg = Release|Any CPU
		{1209EEE0-515F-4258-A52D-BA1EDF172E74}.Release|Any CPU.Build.0 = Release|Any CPU
		{3ECE88A3-5A19-4194-B6E8-ADC5F072CF01}.Debug|Any CPU.ActiveCfg = Debug|Any CPU
		{3ECE88A3-5A19-4194-B6E8-ADC5F072CF01}.Debug|Any CPU.Build.0 = Debug|Any CPU
		{3ECE88A3-5A19-4194-B6E8-ADC5F072CF01}.Release|Any CPU.ActiveCfg = Release|Any CPU
		{3ECE88A3-5A19-4194-B6E8-ADC5F072CF01}.Release|Any CPU.Build.0 = Release|Any CPU
	EndGlobalSection
	GlobalSection(SolutionProperties) = preSolution
		HideSolutionNode = FALSE
	EndGlobalSection
	GlobalSection(ExtensibilityGlobals) = postSolution
		SolutionGuid = {CD2A1EF8-3C68-485E-A701-56E304AA0493}
	EndGlobalSection
EndGlobal
